
Microsoft Visual Studio Solution File, Format Version 12.00
# Visual Studio Version 16
VisualStudioVersion = 16.0.31005.135
MinimumVisualStudioVersion = 15.0.26124.0
Project("{9A19103F-16F7-4668-BE54-9A1E7A4F7556}") = "BoatLux.API", "2 - BoatLux.API\BoatLux.API.csproj", "{9EA1F2CC-7150-498F-AA0B-09491F6DBE36}"
EndProject
Project("{2150E333-8FDC-42A3-9474-1A3956D46DE8}") = "2 - BoatLux.API", "2 - BoatLux.API", "{3F38382E-75CE-4E28-9BD5-3A9D5C410B73}"
EndProject
Project("{2150E333-8FDC-42A3-9474-1A3956D46DE8}") = "4 - BoatLux.Domain", "4 - BoatLux.Domain", "{80C22AFF-DADC-42C8-AAC9-166D8D89D15A}"
EndProject
Project("{9A19103F-16F7-4668-BE54-9A1E7A4F7556}") = "BoatLux.Presentation", "1 - BoatLux.Presentation\BoatLux.Presentation.csproj", "{9DAD5382-AC3C-45D2-8E34-4D41C6AE3023}"
EndProject
Project("{9A19103F-16F7-4668-BE54-9A1E7A4F7556}") = "BoatLux.Application", "3 - BoatLux.Application\BoatLux.Application.csproj", "{9F76806C-694C-4BF4-B0BB-7254BE3DF73B}"
EndProject
Project("{9A19103F-16F7-4668-BE54-9A1E7A4F7556}") = "BoatLux.Infra", "5 - BoatLux.Infra\BoatLux.Infra.csproj", "{ACEAE15F-B406-4FAA-A8B3-3858870B2153}"
EndProject
Project("{2150E333-8FDC-42A3-9474-1A3956D46DE8}") = "3 - BoatLux.Application", "3 - BoatLux.Application", "{819F346E-5DCB-40F6-A161-41B9EB6FB238}"
EndProject
Project("{2150E333-8FDC-42A3-9474-1A3956D46DE8}") = "5 - BoatLux.Infra", "5 - BoatLux.Infra", "{E7A7623D-CEB4-4606-BED1-E76BD2B9AB4D}"
EndProject
Project("{2150E333-8FDC-42A3-9474-1A3956D46DE8}") = "1 - BoatLux.Presentation", "1 - BoatLux.Presentation", "{7E657ABA-0A7F-4683-A789-D3547C3820BD}"
EndProject
Project("{9A19103F-16F7-4668-BE54-9A1E7A4F7556}") = "BoatLux.Domain", "4 - BoatLux.Domain\BoatLux.Domain.csproj", "{2D14AB47-6901-4770-9F4C-C5AC93B841CE}"
EndProject
Global
	GlobalSection(SolutionConfigurationPlatforms) = preSolution
		Debug|Any CPU = Debug|Any CPU
		Debug|x64 = Debug|x64
		Debug|x86 = Debug|x86
		Release|Any CPU = Release|Any CPU
		Release|x64 = Release|x64
		Release|x86 = Release|x86
	EndGlobalSection
	GlobalSection(ProjectConfigurationPlatforms) = postSolution
		{9EA1F2CC-7150-498F-AA0B-09491F6DBE36}.Debug|Any CPU.ActiveCfg = Debug|Any CPU
		{9EA1F2CC-7150-498F-AA0B-09491F6DBE36}.Debug|Any CPU.Build.0 = Debug|Any CPU
		{9EA1F2CC-7150-498F-AA0B-09491F6DBE36}.Debug|x64.ActiveCfg = Debug|Any CPU
		{9EA1F2CC-7150-498F-AA0B-09491F6DBE36}.Debug|x64.Build.0 = Debug|Any CPU
		{9EA1F2CC-7150-498F-AA0B-09491F6DBE36}.Debug|x86.ActiveCfg = Debug|Any CPU
		{9EA1F2CC-7150-498F-AA0B-09491F6DBE36}.Debug|x86.Build.0 = Debug|Any CPU
		{9EA1F2CC-7150-498F-AA0B-09491F6DBE36}.Release|Any CPU.ActiveCfg = Release|Any CPU
		{9EA1F2CC-7150-498F-AA0B-09491F6DBE36}.Release|Any CPU.Build.0 = Release|Any CPU
		{9EA1F2CC-7150-498F-AA0B-09491F6DBE36}.Release|x64.ActiveCfg = Release|Any CPU
		{9EA1F2CC-7150-498F-AA0B-09491F6DBE36}.Release|x64.Build.0 = Release|Any CPU
		{9EA1F2CC-7150-498F-AA0B-09491F6DBE36}.Release|x86.ActiveCfg = Release|Any CPU
		{9EA1F2CC-7150-498F-AA0B-09491F6DBE36}.Release|x86.Build.0 = Release|Any CPU
		{9DAD5382-AC3C-45D2-8E34-4D41C6AE3023}.Debug|Any CPU.ActiveCfg = Debug|Any CPU
		{9DAD5382-AC3C-45D2-8E34-4D41C6AE3023}.Debug|Any CPU.Build.0 = Debug|Any CPU
		{9DAD5382-AC3C-45D2-8E34-4D41C6AE3023}.Debug|x64.ActiveCfg = Debug|Any CPU
		{9DAD5382-AC3C-45D2-8E34-4D41C6AE3023}.Debug|x64.Build.0 = Debug|Any CPU
		{9DAD5382-AC3C-45D2-8E34-4D41C6AE3023}.Debug|x86.ActiveCfg = Debug|Any CPU
		{9DAD5382-AC3C-45D2-8E34-4D41C6AE3023}.Debug|x86.Build.0 = Debug|Any CPU
		{9DAD5382-AC3C-45D2-8E34-4D41C6AE3023}.Release|Any CPU.ActiveCfg = Release|Any CPU
		{9DAD5382-AC3C-45D2-8E34-4D41C6AE3023}.Release|Any CPU.Build.0 = Release|Any CPU
		{9DAD5382-AC3C-45D2-8E34-4D41C6AE3023}.Release|x64.ActiveCfg = Release|Any CPU
		{9DAD5382-AC3C-45D2-8E34-4D41C6AE3023}.Release|x64.Build.0 = Release|Any CPU
		{9DAD5382-AC3C-45D2-8E34-4D41C6AE3023}.Release|x86.ActiveCfg = Release|Any CPU
		{9DAD5382-AC3C-45D2-8E34-4D41C6AE3023}.Release|x86.Build.0 = Release|Any CPU
		{9F76806C-694C-4BF4-B0BB-7254BE3DF73B}.Debug|Any CPU.ActiveCfg = Debug|Any CPU
		{9F76806C-694C-4BF4-B0BB-7254BE3DF73B}.Debug|Any CPU.Build.0 = Debug|Any CPU
		{9F76806C-694C-4BF4-B0BB-7254BE3DF73B}.Debug|x64.ActiveCfg = Debug|Any CPU
		{9F76806C-694C-4BF4-B0BB-7254BE3DF73B}.Debug|x64.Build.0 = Debug|Any CPU
		{9F76806C-694C-4BF4-B0BB-7254BE3DF73B}.Debug|x86.ActiveCfg = Debug|Any CPU
		{9F76806C-694C-4BF4-B0BB-7254BE3DF73B}.Debug|x86.Build.0 = Debug|Any CPU
		{9F76806C-694C-4BF4-B0BB-7254BE3DF73B}.Release|Any CPU.ActiveCfg = Release|Any CPU
		{9F76806C-694C-4BF4-B0BB-7254BE3DF73B}.Release|Any CPU.Build.0 = Release|Any CPU
		{9F76806C-694C-4BF4-B0BB-7254BE3DF73B}.Release|x64.ActiveCfg = Release|Any CPU
		{9F76806C-694C-4BF4-B0BB-7254BE3DF73B}.Release|x64.Build.0 = Release|Any CPU
		{9F76806C-694C-4BF4-B0BB-7254BE3DF73B}.Release|x86.ActiveCfg = Release|Any CPU
		{9F76806C-694C-4BF4-B0BB-7254BE3DF73B}.Release|x86.Build.0 = Release|Any CPU
		{ACEAE15F-B406-4FAA-A8B3-3858870B2153}.Debug|Any CPU.ActiveCfg = Debug|Any CPU
		{ACEAE15F-B406-4FAA-A8B3-3858870B2153}.Debug|Any CPU.Build.0 = Debug|Any CPU
		{ACEAE15F-B406-4FAA-A8B3-3858870B2153}.Debug|x64.ActiveCfg = Debug|Any CPU
		{ACEAE15F-B406-4FAA-A8B3-3858870B2153}.Debug|x64.Build.0 = Debug|Any CPU
		{ACEAE15F-B406-4FAA-A8B3-3858870B2153}.Debug|x86.ActiveCfg = Debug|Any CPU
		{ACEAE15F-B406-4FAA-A8B3-3858870B2153}.Debug|x86.Build.0 = Debug|Any CPU
		{ACEAE15F-B406-4FAA-A8B3-3858870B2153}.Release|Any CPU.ActiveCfg = Release|Any CPU
		{ACEAE15F-B406-4FAA-A8B3-3858870B2153}.Release|Any CPU.Build.0 = Release|Any CPU
		{ACEAE15F-B406-4FAA-A8B3-3858870B2153}.Release|x64.ActiveCfg = Release|Any CPU
		{ACEAE15F-B406-4FAA-A8B3-3858870B2153}.Release|x64.Build.0 = Release|Any CPU
		{ACEAE15F-B406-4FAA-A8B3-3858870B2153}.Release|x86.ActiveCfg = Release|Any CPU
		{ACEAE15F-B406-4FAA-A8B3-3858870B2153}.Release|x86.Build.0 = Release|Any CPU
		{2D14AB47-6901-4770-9F4C-C5AC93B841CE}.Debug|Any CPU.ActiveCfg = Debug|Any CPU
		{2D14AB47-6901-4770-9F4C-C5AC93B841CE}.Debug|Any CPU.Build.0 = Debug|Any CPU
		{2D14AB47-6901-4770-9F4C-C5AC93B841CE}.Debug|x64.ActiveCfg = Debug|Any CPU
		{2D14AB47-6901-4770-9F4C-C5AC93B841CE}.Debug|x64.Build.0 = Debug|Any CPU
		{2D14AB47-6901-4770-9F4C-C5AC93B841CE}.Debug|x86.ActiveCfg = Debug|Any CPU
		{2D14AB47-6901-4770-9F4C-C5AC93B841CE}.Debug|x86.Build.0 = Debug|Any CPU
		{2D14AB47-6901-4770-9F4C-C5AC93B841CE}.Release|Any CPU.ActiveCfg = Release|Any CPU
		{2D14AB47-6901-4770-9F4C-C5AC93B841CE}.Release|Any CPU.Build.0 = Release|Any CPU
		{2D14AB47-6901-4770-9F4C-C5AC93B841CE}.Release|x64.ActiveCfg = Release|Any CPU
		{2D14AB47-6901-4770-9F4C-C5AC93B841CE}.Release|x64.Build.0 = Release|Any CPU
		{2D14AB47-6901-4770-9F4C-C5AC93B841CE}.Release|x86.ActiveCfg = Release|Any CPU
		{2D14AB47-6901-4770-9F4C-C5AC93B841CE}.Release|x86.Build.0 = Release|Any CPU
	EndGlobalSection
	GlobalSection(SolutionProperties) = preSolution
		HideSolutionNode = FALSE
	EndGlobalSection
	GlobalSection(NestedProjects) = preSolution
		{9EA1F2CC-7150-498F-AA0B-09491F6DBE36} = {3F38382E-75CE-4E28-9BD5-3A9D5C410B73}
		{9DAD5382-AC3C-45D2-8E34-4D41C6AE3023} = {7E657ABA-0A7F-4683-A789-D3547C3820BD}
		{9F76806C-694C-4BF4-B0BB-7254BE3DF73B} = {819F346E-5DCB-40F6-A161-41B9EB6FB238}
		{ACEAE15F-B406-4FAA-A8B3-3858870B2153} = {E7A7623D-CEB4-4606-BED1-E76BD2B9AB4D}
		{2D14AB47-6901-4770-9F4C-C5AC93B841CE} = {80C22AFF-DADC-42C8-AAC9-166D8D89D15A}
	EndGlobalSection
	GlobalSection(ExtensibilityGlobals) = postSolution
		SolutionGuid = {03BE3DD3-DC1F-4867-9547-1E6A08D7037E}
	EndGlobalSection
EndGlobal
